
Microsoft Visual Studio Solution File, Format Version 12.00
# Visual Studio Version 17
VisualStudioVersion = 17.13.35913.81
MinimumVisualStudioVersion = 10.0.40219.1
Project("{2150E333-8FDC-42A3-9474-1A3956D46DE8}") = "Microservices", "Microservices", "{36D591C7-65C7-A0D1-1CBC-10CDE441BDC8}"
EndProject
Project("{2150E333-8FDC-42A3-9474-1A3956D46DE8}") = "Auth", "Auth", "{9F7C80EA-22D5-4CB9-A55B-068805333662}"
EndProject
Project("{2150E333-8FDC-42A3-9474-1A3956D46DE8}") = "Auth.Core", "Auth.Core", "{B342E9E0-3611-47D8-BEBC-EE071394E75B}"
EndProject
Project("{9A19103F-16F7-4668-BE54-9A1E7A4F7556}") = "Auth.Domain", "Microservices\Auth\Auth.Core\Auth.Domain\Auth.Domain.csproj", "{6DC684BA-8976-416C-941D-07C7EFF05AA7}"
EndProject
Project("{2150E333-8FDC-42A3-9474-1A3956D46DE8}") = "Auth.Infrastructure", "Auth.Infrastructure", "{F9CABC1F-0E46-469B-BD18-8488473A1071}"
EndProject
Project("{9A19103F-16F7-4668-BE54-9A1E7A4F7556}") = "Results", "Results\Results.csproj", "{9E5EA20A-38AA-122F-3B23-C4151AB40945}"
EndProject
Project("{9A19103F-16F7-4668-BE54-9A1E7A4F7556}") = "Auth.Persistence", "Microservices\Auth\Auth.Infrastructure\Auth.Persistence\Auth.Persistence.csproj", "{F0B56747-278A-4571-8BC5-4CD048057E9F}"
EndProject
Project("{9A19103F-16F7-4668-BE54-9A1E7A4F7556}") = "Auth.Application", "Microservices\Auth\Auth.Core\Auth.Application\Auth.Application.csproj", "{C6F254FB-1B1B-4D1B-B151-4F7306DCA85C}"
EndProject
Project("{2150E333-8FDC-42A3-9474-1A3956D46DE8}") = "Auth.Web", "Auth.Web", "{A7EE6681-F6C4-432A-B354-626DE101A9F9}"
EndProject
Project("{9A19103F-16F7-4668-BE54-9A1E7A4F7556}") = "Auth.Api", "Microservices\Auth\Auth.Web\Auth.Api\Auth.Api.csproj", "{8FE10CBB-7AEC-46AF-8491-80993A838770}"
EndProject
Project("{9A19103F-16F7-4668-BE54-9A1E7A4F7556}") = "Auth.Backgrounds", "Microservices\Auth\Auth.Infrastructure\Auth.Backgrounds\Auth.Backgrounds.csproj", "{0424E9D5-F52B-43E5-98DE-F0D0B45FE794}"
EndProject
Project("{9A19103F-16F7-4668-BE54-9A1E7A4F7556}") = "Auth.Security", "Microservices\Auth\Auth.Infrastructure\Auth.Security\Auth.Security.csproj", "{4274F59E-D622-4FE9-8F5D-32C443F0EAB9}"
EndProject
Project("{2150E333-8FDC-42A3-9474-1A3956D46DE8}") = "Otp", "Otp", "{0E713ED2-4B69-4401-B179-E66024843D10}"
EndProject
Project("{2150E333-8FDC-42A3-9474-1A3956D46DE8}") = "Otp.Core", "Otp.Core", "{7693A23B-3CE3-4FCE-A5FC-89B95645ED07}"
EndProject
Project("{9A19103F-16F7-4668-BE54-9A1E7A4F7556}") = "DDD", "DDD\DDD.csproj", "{37460374-999B-44A0-BE30-55DCA238803C}"
EndProject
Project("{9A19103F-16F7-4668-BE54-9A1E7A4F7556}") = "Otp.Domain", "Microservices\Otp\Otp.Core\Otp.Domain\Otp.Domain.csproj", "{57757BD3-CCCF-56E3-51A4-537C03BDA4D4}"
EndProject
Project("{9A19103F-16F7-4668-BE54-9A1E7A4F7556}") = "Otp.Application", "Microservices\Otp\Otp.Core\Otp.Application\Otp.Application.csproj", "{70C7BAFE-B76F-4B07-BABF-EC57C562D74E}"
EndProject
Project("{FAE04EC0-301F-11D3-BF4B-00C04F79EFBC}") = "MessageContracts", "MessageContracts\MessageContracts.csproj", "{4C1808A8-88A1-4DB6-9B28-67348DAF6361}"
EndProject
Project("{FAE04EC0-301F-11D3-BF4B-00C04F79EFBC}") = "Auth.Messaging", "Microservices\Auth\Auth.Infrastructure\Auth.Messaging\Auth.Messaging.csproj", "{2068567C-C1DF-494F-BE67-BD4CDDD8C49D}"
EndProject
Project("{2150E333-8FDC-42A3-9474-1A3956D46DE8}") = "Otp.Infrastructure", "Otp.Infrastructure", "{84D9C1D4-0723-489B-95B4-83179E8435F6}"
EndProject
Project("{2150E333-8FDC-42A3-9474-1A3956D46DE8}") = "Otp.Web", "Otp.Web", "{F7B548C1-8C9F-4F09-BA7B-204FF65F24A9}"
EndProject
Project("{FAE04EC0-301F-11D3-BF4B-00C04F79EFBC}") = "Otp.Persistence", "Microservices\Otp\Otp.Infrastructure\Otp.Persistence\Otp.Persistence.csproj", "{9F516D31-1EC3-4B9B-BDE0-B6D8DD79C176}"
EndProject
Project("{FAE04EC0-301F-11D3-BF4B-00C04F79EFBC}") = "Otp.Messaging", "Microservices\Otp\Otp.Infrastructure\Otp.Messaging\Otp.Messaging.csproj", "{F3A6F14D-7417-47D8-9255-DEF27E8D78E5}"
EndProject
Project("{FAE04EC0-301F-11D3-BF4B-00C04F79EFBC}") = "Otp.Backgrounds", "Microservices\Otp\Otp.Infrastructure\Otp.Backgrounds\Otp.Backgrounds.csproj", "{46F40F0D-C2FA-4BA9-BF6E-7E23B4877257}"
EndProject
Project("{FAE04EC0-301F-11D3-BF4B-00C04F79EFBC}") = "Otp.Api", "Microservices\Otp\Otp.Web\Otp.Api\Otp.Api.csproj", "{E228ACA2-3EAA-468D-BDC8-2ABBF41A8CFC}"
EndProject
Project("{2150E333-8FDC-42A3-9474-1A3956D46DE8}") = "Notification", "Notification", "{8B34D899-F579-42C3-9DC0-AACA18E725C0}"
EndProject
Project("{2150E333-8FDC-42A3-9474-1A3956D46DE8}") = "Notification.Core", "Notification.Core", "{8971C523-FC79-4FC9-A9FA-70DE8A31E144}"
EndProject
Project("{2150E333-8FDC-42A3-9474-1A3956D46DE8}") = "Notification.Infrastructure", "Notification.Infrastructure", "{3C8BDDF7-52ED-48E8-92C2-B0557AD00DE3}"
EndProject
Project("{2150E333-8FDC-42A3-9474-1A3956D46DE8}") = "Notification.Web", "Notification.Web", "{216654AA-1844-4A44-8BB0-B738B056CC61}"
EndProject
Project("{FAE04EC0-301F-11D3-BF4B-00C04F79EFBC}") = "Notification.Domain", "Microservices\Notification\Notification.Core\Notification.Domain\Notification.Domain.csproj", "{17A9E4E2-AC29-48CB-BC85-08F657C16525}"
EndProject
Project("{FAE04EC0-301F-11D3-BF4B-00C04F79EFBC}") = "Notification.Application", "Microservices\Notification\Notification.Core\Notification.Application\Notification.Application.csproj", "{0D5A215B-8D41-4E9F-B87D-2665DEE0CFAB}"
EndProject
Project("{FAE04EC0-301F-11D3-BF4B-00C04F79EFBC}") = "Notification.Persistence", "Microservices\Notification\Notification.Infrastructure\Notification.Persistence\Notification.Persistence.csproj", "{1FA55B7F-9B06-4602-B00B-16ACE955F9D6}"
EndProject
Project("{FAE04EC0-301F-11D3-BF4B-00C04F79EFBC}") = "Notification.Messaging", "Microservices\Notification\Notification.Infrastructure\Notification.Messaging\Notification.Messaging.csproj", "{1BC73F7B-6367-4D33-9869-8C5F5BB1BF23}"
EndProject
Project("{FAE04EC0-301F-11D3-BF4B-00C04F79EFBC}") = "Notification.Backgrounds", "Microservices\Notification\Notification.Infrastructure\Notification.Backgrounds\Notification.Backgrounds.csproj", "{A3257243-3D09-44A5-9907-5C5DF87AA349}"
EndProject
Project("{FAE04EC0-301F-11D3-BF4B-00C04F79EFBC}") = "Notification.Api", "Microservices\Notification\Notification.Web\Notification.Api\Notification.Api.csproj", "{303AD3DC-CEF1-4678-9BB2-FE9371D58495}"
EndProject
Project("{E53339B2-1760-4266-BCC7-CA923CBCF16C}") = "docker-compose", "docker-compose.dcproj", "{81DDED9D-158B-E303-5F62-77A2896D2A5A}"
EndProject
Global
	GlobalSection(SolutionConfigurationPlatforms) = preSolution
		Debug|Any CPU = Debug|Any CPU
		Release|Any CPU = Release|Any CPU
	EndGlobalSection
	GlobalSection(ProjectConfigurationPlatforms) = postSolution
		{6DC684BA-8976-416C-941D-07C7EFF05AA7}.Debug|Any CPU.ActiveCfg = Debug|Any CPU
		{6DC684BA-8976-416C-941D-07C7EFF05AA7}.Debug|Any CPU.Build.0 = Debug|Any CPU
		{6DC684BA-8976-416C-941D-07C7EFF05AA7}.Release|Any CPU.ActiveCfg = Release|Any CPU
		{6DC684BA-8976-416C-941D-07C7EFF05AA7}.Release|Any CPU.Build.0 = Release|Any CPU
		{9E5EA20A-38AA-122F-3B23-C4151AB40945}.Debug|Any CPU.ActiveCfg = Debug|Any CPU
		{9E5EA20A-38AA-122F-3B23-C4151AB40945}.Debug|Any CPU.Build.0 = Debug|Any CPU
		{9E5EA20A-38AA-122F-3B23-C4151AB40945}.Release|Any CPU.ActiveCfg = Release|Any CPU
		{9E5EA20A-38AA-122F-3B23-C4151AB40945}.Release|Any CPU.Build.0 = Release|Any CPU
		{F0B56747-278A-4571-8BC5-4CD048057E9F}.Debug|Any CPU.ActiveCfg = Debug|Any CPU
		{F0B56747-278A-4571-8BC5-4CD048057E9F}.Debug|Any CPU.Build.0 = Debug|Any CPU
		{F0B56747-278A-4571-8BC5-4CD048057E9F}.Release|Any CPU.ActiveCfg = Release|Any CPU
		{F0B56747-278A-4571-8BC5-4CD048057E9F}.Release|Any CPU.Build.0 = Release|Any CPU
		{C6F254FB-1B1B-4D1B-B151-4F7306DCA85C}.Debug|Any CPU.ActiveCfg = Debug|Any CPU
		{C6F254FB-1B1B-4D1B-B151-4F7306DCA85C}.Debug|Any CPU.Build.0 = Debug|Any CPU
		{C6F254FB-1B1B-4D1B-B151-4F7306DCA85C}.Release|Any CPU.ActiveCfg = Release|Any CPU
		{C6F254FB-1B1B-4D1B-B151-4F7306DCA85C}.Release|Any CPU.Build.0 = Release|Any CPU
		{8FE10CBB-7AEC-46AF-8491-80993A838770}.Debug|Any CPU.ActiveCfg = Debug|Any CPU
		{8FE10CBB-7AEC-46AF-8491-80993A838770}.Debug|Any CPU.Build.0 = Debug|Any CPU
		{8FE10CBB-7AEC-46AF-8491-80993A838770}.Release|Any CPU.ActiveCfg = Release|Any CPU
		{8FE10CBB-7AEC-46AF-8491-80993A838770}.Release|Any CPU.Build.0 = Release|Any CPU
		{0424E9D5-F52B-43E5-98DE-F0D0B45FE794}.Debug|Any CPU.ActiveCfg = Debug|Any CPU
		{0424E9D5-F52B-43E5-98DE-F0D0B45FE794}.Debug|Any CPU.Build.0 = Debug|Any CPU
		{0424E9D5-F52B-43E5-98DE-F0D0B45FE794}.Release|Any CPU.ActiveCfg = Release|Any CPU
		{0424E9D5-F52B-43E5-98DE-F0D0B45FE794}.Release|Any CPU.Build.0 = Release|Any CPU
		{4274F59E-D622-4FE9-8F5D-32C443F0EAB9}.Debug|Any CPU.ActiveCfg = Debug|Any CPU
		{4274F59E-D622-4FE9-8F5D-32C443F0EAB9}.Debug|Any CPU.Build.0 = Debug|Any CPU
		{4274F59E-D622-4FE9-8F5D-32C443F0EAB9}.Release|Any CPU.ActiveCfg = Release|Any CPU
		{4274F59E-D622-4FE9-8F5D-32C443F0EAB9}.Release|Any CPU.Build.0 = Release|Any CPU
		{37460374-999B-44A0-BE30-55DCA238803C}.Debug|Any CPU.ActiveCfg = Debug|Any CPU
		{37460374-999B-44A0-BE30-55DCA238803C}.Debug|Any CPU.Build.0 = Debug|Any CPU
		{37460374-999B-44A0-BE30-55DCA238803C}.Release|Any CPU.ActiveCfg = Release|Any CPU
		{37460374-999B-44A0-BE30-55DCA238803C}.Release|Any CPU.Build.0 = Release|Any CPU
		{57757BD3-CCCF-56E3-51A4-537C03BDA4D4}.Debug|Any CPU.ActiveCfg = Debug|Any CPU
		{57757BD3-CCCF-56E3-51A4-537C03BDA4D4}.Debug|Any CPU.Build.0 = Debug|Any CPU
		{57757BD3-CCCF-56E3-51A4-537C03BDA4D4}.Release|Any CPU.ActiveCfg = Release|Any CPU
		{57757BD3-CCCF-56E3-51A4-537C03BDA4D4}.Release|Any CPU.Build.0 = Release|Any CPU
		{70C7BAFE-B76F-4B07-BABF-EC57C562D74E}.Debug|Any CPU.ActiveCfg = Debug|Any CPU
		{70C7BAFE-B76F-4B07-BABF-EC57C562D74E}.Debug|Any CPU.Build.0 = Debug|Any CPU
		{70C7BAFE-B76F-4B07-BABF-EC57C562D74E}.Release|Any CPU.ActiveCfg = Release|Any CPU
		{70C7BAFE-B76F-4B07-BABF-EC57C562D74E}.Release|Any CPU.Build.0 = Release|Any CPU
		{4C1808A8-88A1-4DB6-9B28-67348DAF6361}.Debug|Any CPU.ActiveCfg = Debug|Any CPU
		{4C1808A8-88A1-4DB6-9B28-67348DAF6361}.Debug|Any CPU.Build.0 = Debug|Any CPU
		{4C1808A8-88A1-4DB6-9B28-67348DAF6361}.Release|Any CPU.ActiveCfg = Release|Any CPU
		{4C1808A8-88A1-4DB6-9B28-67348DAF6361}.Release|Any CPU.Build.0 = Release|Any CPU
		{2068567C-C1DF-494F-BE67-BD4CDDD8C49D}.Debug|Any CPU.ActiveCfg = Debug|Any CPU
		{2068567C-C1DF-494F-BE67-BD4CDDD8C49D}.Debug|Any CPU.Build.0 = Debug|Any CPU
		{2068567C-C1DF-494F-BE67-BD4CDDD8C49D}.Release|Any CPU.ActiveCfg = Release|Any CPU
		{2068567C-C1DF-494F-BE67-BD4CDDD8C49D}.Release|Any CPU.Build.0 = Release|Any CPU
		{9F516D31-1EC3-4B9B-BDE0-B6D8DD79C176}.Debug|Any CPU.ActiveCfg = Debug|Any CPU
		{9F516D31-1EC3-4B9B-BDE0-B6D8DD79C176}.Debug|Any CPU.Build.0 = Debug|Any CPU
		{9F516D31-1EC3-4B9B-BDE0-B6D8DD79C176}.Release|Any CPU.ActiveCfg = Release|Any CPU
		{9F516D31-1EC3-4B9B-BDE0-B6D8DD79C176}.Release|Any CPU.Build.0 = Release|Any CPU
		{F3A6F14D-7417-47D8-9255-DEF27E8D78E5}.Debug|Any CPU.ActiveCfg = Debug|Any CPU
		{F3A6F14D-7417-47D8-9255-DEF27E8D78E5}.Debug|Any CPU.Build.0 = Debug|Any CPU
		{F3A6F14D-7417-47D8-9255-DEF27E8D78E5}.Release|Any CPU.ActiveCfg = Release|Any CPU
		{F3A6F14D-7417-47D8-9255-DEF27E8D78E5}.Release|Any CPU.Build.0 = Release|Any CPU
		{46F40F0D-C2FA-4BA9-BF6E-7E23B4877257}.Debug|Any CPU.ActiveCfg = Debug|Any CPU
		{46F40F0D-C2FA-4BA9-BF6E-7E23B4877257}.Debug|Any CPU.Build.0 = Debug|Any CPU
		{46F40F0D-C2FA-4BA9-BF6E-7E23B4877257}.Release|Any CPU.ActiveCfg = Release|Any CPU
		{46F40F0D-C2FA-4BA9-BF6E-7E23B4877257}.Release|Any CPU.Build.0 = Release|Any CPU
		{E228ACA2-3EAA-468D-BDC8-2ABBF41A8CFC}.Debug|Any CPU.ActiveCfg = Debug|Any CPU
		{E228ACA2-3EAA-468D-BDC8-2ABBF41A8CFC}.Debug|Any CPU.Build.0 = Debug|Any CPU
		{E228ACA2-3EAA-468D-BDC8-2ABBF41A8CFC}.Release|Any CPU.ActiveCfg = Release|Any CPU
		{E228ACA2-3EAA-468D-BDC8-2ABBF41A8CFC}.Release|Any CPU.Build.0 = Release|Any CPU
		{17A9E4E2-AC29-48CB-BC85-08F657C16525}.Debug|Any CPU.ActiveCfg = Debug|Any CPU
		{17A9E4E2-AC29-48CB-BC85-08F657C16525}.Debug|Any CPU.Build.0 = Debug|Any CPU
		{17A9E4E2-AC29-48CB-BC85-08F657C16525}.Release|Any CPU.ActiveCfg = Release|Any CPU
		{17A9E4E2-AC29-48CB-BC85-08F657C16525}.Release|Any CPU.Build.0 = Release|Any CPU
		{0D5A215B-8D41-4E9F-B87D-2665DEE0CFAB}.Debug|Any CPU.ActiveCfg = Debug|Any CPU
		{0D5A215B-8D41-4E9F-B87D-2665DEE0CFAB}.Debug|Any CPU.Build.0 = Debug|Any CPU
		{0D5A215B-8D41-4E9F-B87D-2665DEE0CFAB}.Release|Any CPU.ActiveCfg = Release|Any CPU
		{0D5A215B-8D41-4E9F-B87D-2665DEE0CFAB}.Release|Any CPU.Build.0 = Release|Any CPU
		{1FA55B7F-9B06-4602-B00B-16ACE955F9D6}.Debug|Any CPU.ActiveCfg = Debug|Any CPU
		{1FA55B7F-9B06-4602-B00B-16ACE955F9D6}.Debug|Any CPU.Build.0 = Debug|Any CPU
		{1FA55B7F-9B06-4602-B00B-16ACE955F9D6}.Release|Any CPU.ActiveCfg = Release|Any CPU
		{1FA55B7F-9B06-4602-B00B-16ACE955F9D6}.Release|Any CPU.Build.0 = Release|Any CPU
		{1BC73F7B-6367-4D33-9869-8C5F5BB1BF23}.Debug|Any CPU.ActiveCfg = Debug|Any CPU
		{1BC73F7B-6367-4D33-9869-8C5F5BB1BF23}.Debug|Any CPU.Build.0 = Debug|Any CPU
		{1BC73F7B-6367-4D33-9869-8C5F5BB1BF23}.Release|Any CPU.ActiveCfg = Release|Any CPU
		{1BC73F7B-6367-4D33-9869-8C5F5BB1BF23}.Release|Any CPU.Build.0 = Release|Any CPU
		{A3257243-3D09-44A5-9907-5C5DF87AA349}.Debug|Any CPU.ActiveCfg = Debug|Any CPU
		{A3257243-3D09-44A5-9907-5C5DF87AA349}.Debug|Any CPU.Build.0 = Debug|Any CPU
		{A3257243-3D09-44A5-9907-5C5DF87AA349}.Release|Any CPU.ActiveCfg = Release|Any CPU
		{A3257243-3D09-44A5-9907-5C5DF87AA349}.Release|Any CPU.Build.0 = Release|Any CPU
		{303AD3DC-CEF1-4678-9BB2-FE9371D58495}.Debug|Any CPU.ActiveCfg = Debug|Any CPU
		{303AD3DC-CEF1-4678-9BB2-FE9371D58495}.Debug|Any CPU.Build.0 = Debug|Any CPU
		{303AD3DC-CEF1-4678-9BB2-FE9371D58495}.Release|Any CPU.ActiveCfg = Release|Any CPU
		{303AD3DC-CEF1-4678-9BB2-FE9371D58495}.Release|Any CPU.Build.0 = Release|Any CPU
		{81DDED9D-158B-E303-5F62-77A2896D2A5A}.Debug|Any CPU.ActiveCfg = Debug|Any CPU
		{81DDED9D-158B-E303-5F62-77A2896D2A5A}.Debug|Any CPU.Build.0 = Debug|Any CPU
		{81DDED9D-158B-E303-5F62-77A2896D2A5A}.Release|Any CPU.ActiveCfg = Release|Any CPU
		{81DDED9D-158B-E303-5F62-77A2896D2A5A}.Release|Any CPU.Build.0 = Release|Any CPU
	EndGlobalSection
	GlobalSection(SolutionProperties) = preSolution
		HideSolutionNode = FALSE
	EndGlobalSection
	GlobalSection(NestedProjects) = preSolution
		{9F7C80EA-22D5-4CB9-A55B-068805333662} = {36D591C7-65C7-A0D1-1CBC-10CDE441BDC8}
		{B342E9E0-3611-47D8-BEBC-EE071394E75B} = {9F7C80EA-22D5-4CB9-A55B-068805333662}
		{6DC684BA-8976-416C-941D-07C7EFF05AA7} = {B342E9E0-3611-47D8-BEBC-EE071394E75B}
		{F9CABC1F-0E46-469B-BD18-8488473A1071} = {9F7C80EA-22D5-4CB9-A55B-068805333662}
		{F0B56747-278A-4571-8BC5-4CD048057E9F} = {F9CABC1F-0E46-469B-BD18-8488473A1071}
		{C6F254FB-1B1B-4D1B-B151-4F7306DCA85C} = {B342E9E0-3611-47D8-BEBC-EE071394E75B}
		{A7EE6681-F6C4-432A-B354-626DE101A9F9} = {9F7C80EA-22D5-4CB9-A55B-068805333662}
		{8FE10CBB-7AEC-46AF-8491-80993A838770} = {A7EE6681-F6C4-432A-B354-626DE101A9F9}
		{0424E9D5-F52B-43E5-98DE-F0D0B45FE794} = {F9CABC1F-0E46-469B-BD18-8488473A1071}
		{4274F59E-D622-4FE9-8F5D-32C443F0EAB9} = {F9CABC1F-0E46-469B-BD18-8488473A1071}
		{0E713ED2-4B69-4401-B179-E66024843D10} = {36D591C7-65C7-A0D1-1CBC-10CDE441BDC8}
		{7693A23B-3CE3-4FCE-A5FC-89B95645ED07} = {0E713ED2-4B69-4401-B179-E66024843D10}
		{57757BD3-CCCF-56E3-51A4-537C03BDA4D4} = {7693A23B-3CE3-4FCE-A5FC-89B95645ED07}
		{70C7BAFE-B76F-4B07-BABF-EC57C562D74E} = {7693A23B-3CE3-4FCE-A5FC-89B95645ED07}
		{2068567C-C1DF-494F-BE67-BD4CDDD8C49D} = {F9CABC1F-0E46-469B-BD18-8488473A1071}
		{84D9C1D4-0723-489B-95B4-83179E8435F6} = {0E713ED2-4B69-4401-B179-E66024843D10}
		{F7B548C1-8C9F-4F09-BA7B-204FF65F24A9} = {0E713ED2-4B69-4401-B179-E66024843D10}
		{9F516D31-1EC3-4B9B-BDE0-B6D8DD79C176} = {84D9C1D4-0723-489B-95B4-83179E8435F6}
		{F3A6F14D-7417-47D8-9255-DEF27E8D78E5} = {84D9C1D4-0723-489B-95B4-83179E8435F6}
		{46F40F0D-C2FA-4BA9-BF6E-7E23B4877257} = {84D9C1D4-0723-489B-95B4-83179E8435F6}
		{E228ACA2-3EAA-468D-BDC8-2ABBF41A8CFC} = {F7B548C1-8C9F-4F09-BA7B-204FF65F24A9}
		{8B34D899-F579-42C3-9DC0-AACA18E725C0} = {36D591C7-65C7-A0D1-1CBC-10CDE441BDC8}
		{8971C523-FC79-4FC9-A9FA-70DE8A31E144} = {8B34D899-F579-42C3-9DC0-AACA18E725C0}
		{3C8BDDF7-52ED-48E8-92C2-B0557AD00DE3} = {8B34D899-F579-42C3-9DC0-AACA18E725C0}
		{216654AA-1844-4A44-8BB0-B738B056CC61} = {8B34D899-F579-42C3-9DC0-AACA18E725C0}
		{17A9E4E2-AC29-48CB-BC85-08F657C16525} = {8971C523-FC79-4FC9-A9FA-70DE8A31E144}
		{0D5A215B-8D41-4E9F-B87D-2665DEE0CFAB} = {8971C523-FC79-4FC9-A9FA-70DE8A31E144}
		{1FA55B7F-9B06-4602-B00B-16ACE955F9D6} = {3C8BDDF7-52ED-48E8-92C2-B0557AD00DE3}
		{1BC73F7B-6367-4D33-9869-8C5F5BB1BF23} = {3C8BDDF7-52ED-48E8-92C2-B0557AD00DE3}
		{A3257243-3D09-44A5-9907-5C5DF87AA349} = {3C8BDDF7-52ED-48E8-92C2-B0557AD00DE3}
		{303AD3DC-CEF1-4678-9BB2-FE9371D58495} = {216654AA-1844-4A44-8BB0-B738B056CC61}
	EndGlobalSection
	GlobalSection(ExtensibilityGlobals) = postSolution
		SolutionGuid = {9A2248D4-C310-4B42-9DD7-B8039C38C2B9}
	EndGlobalSection
EndGlobal
